Microsoft Visual Studio Solution File, Format Version 12.00
# Visual Studio Version 17
VisualStudioVersion = 17.5.2.0
MinimumVisualStudioVersion = 10.0.40219.1
Project("{FAE04EC0-301F-11D3-BF4B-00C04F79EFBC}") = "SIIGPP.Configuracion", "SIIGPP.Configuracion.csproj", "{B99CA72B-DDF9-9569-C112-DC3D61BCE352}"
EndProject
Global
	GlobalSection(SolutionConfigurationPlatforms) = preSolution
		Debug|Any CPU = Debug|Any CPU
		Release|Any CPU = Release|Any CPU
	EndGlobalSection
	GlobalSection(ProjectConfigurationPlatforms) = postSolution
		{B99CA72B-DDF9-9569-C112-DC3D61BCE352}.Debug|Any CPU.ActiveCfg = Debug|Any CPU
		{B99CA72B-DDF9-9569-C112-DC3D61BCE352}.Debug|Any CPU.Build.0 = Debug|Any CPU
		{B99CA72B-DDF9-9569-C112-DC3D61BCE352}.Release|Any CPU.ActiveCfg = Release|Any CPU
		{B99CA72B-DDF9-9569-C112-DC3D61BCE352}.Release|Any CPU.Build.0 = Release|Any CPU
	EndGlobalSection
	GlobalSection(SolutionProperties) = preSolution
		HideSolutionNode = FALSE
	EndGlobalSection
	GlobalSection(ExtensibilityGlobals) = postSolution
		SolutionGuid = {5ED92E3E-9EE9-402F-9AB8-EAF9C3A1BDED}
	EndGlobalSection
EndGlobal
