
Microsoft Visual Studio Solution File, Format Version 12.00
# Visual Studio Version 17
VisualStudioVersion = 17.14.36310.24
MinimumVisualStudioVersion = 10.0.40219.1
Project("{FAE04EC0-301F-11D3-BF4B-00C04F79EFBC}") = "CentenarioLibrary", "CentenarioLibrary\CentenarioLibrary.csproj", "{5FBA4F28-26A8-4E69-8F65-877FF3E87A10}"
EndProject
Project("{FAE04EC0-301F-11D3-BF4B-00C04F79EFBC}") = "SIIGPP.Configuracion", "SIIGPP.Configuracion\SIIGPP.Configuracion.csproj", "{ECDFDF2B-1408-B862-AFF4-E4F12F48143A}"
EndProject
Project("{FAE04EC0-301F-11D3-BF4B-00C04F79EFBC}") = "SIIGPP.CAT", "SIIGPP.CAT\SIIGPP.CAT.csproj", "{079C5DD1-D027-1DDB-F587-87A2F4CEEDE0}"
EndProject
Project("{FAE04EC0-301F-11D3-BF4B-00C04F79EFBC}") = "SIIGPP.ControlAcceso", "SIIGPP.ControlAcceso\SIIGPP.ControlAcceso.csproj", "{F3DFEE6A-3809-CD92-E860-ADEAEAE61C52}"
EndProject
Project("{FAE04EC0-301F-11D3-BF4B-00C04F79EFBC}") = "SIIGPP.FEDC", "SIIGPP.FEDC\SIIGPP.FEDC.csproj", "{C2F43D5A-BA09-D9E9-4D76-A050FF3AC4E6}"
EndProject
Project("{FAE04EC0-301F-11D3-BF4B-00C04F79EFBC}") = "SIIGPP.IL", "SIIGPP.IL\SIIGPP.IL.csproj", "{ADA27089-1257-86B1-27E6-09FBAEC93492}"
EndProject
Project("{FAE04EC0-301F-11D3-BF4B-00C04F79EFBC}") = "SIIGPP.JR", "SIIGPP.JR\SIIGPP.JR.csproj", "{67A2A562-9F7D-C1F3-E374-B0AED728198B}"
EndProject
Project("{FAE04EC0-301F-11D3-BF4B-00C04F79EFBC}") = "SIIGPP.PC", "SIIGPP.PC\SIIGPP.PC.csproj", "{F619550C-9E0C-61A3-78D3-577C21A1513F}"
EndProject
Project("{FAE04EC0-301F-11D3-BF4B-00C04F79EFBC}") = "SIIGPP.PI", "SIIGPP.PI\SIIGPP.PI.csproj", "{E5231158-B990-EED7-EA7D-5AA1A50F829B}"
EndProject
Project("{FAE04EC0-301F-11D3-BF4B-00C04F79EFBC}") = "SIIGPP.SP", "SIIGPP.SP\SIIGPP.SP.csproj", "{0F7B6357-D1B0-3948-4DB0-6A6C83608ADA}"
EndProject
Global
	GlobalSection(SolutionConfigurationPlatforms) = preSolution
		Debug|Any CPU = Debug|Any CPU
		Release|Any CPU = Release|Any CPU
	EndGlobalSection
	GlobalSection(ProjectConfigurationPlatforms) = postSolution
		{5FBA4F28-26A8-4E69-8F65-877FF3E87A10}.Debug|Any CPU.ActiveCfg = Debug|Any CPU
		{5FBA4F28-26A8-4E69-8F65-877FF3E87A10}.Debug|Any CPU.Build.0 = Debug|Any CPU
		{5FBA4F28-26A8-4E69-8F65-877FF3E87A10}.Release|Any CPU.ActiveCfg = Release|Any CPU
		{5FBA4F28-26A8-4E69-8F65-877FF3E87A10}.Release|Any CPU.Build.0 = Release|Any CPU
		{ECDFDF2B-1408-B862-AFF4-E4F12F48143A}.Debug|Any CPU.ActiveCfg = Debug|Any CPU
		{ECDFDF2B-1408-B862-AFF4-E4F12F48143A}.Debug|Any CPU.Build.0 = Debug|Any CPU
		{ECDFDF2B-1408-B862-AFF4-E4F12F48143A}.Release|Any CPU.ActiveCfg = Release|Any CPU
		{ECDFDF2B-1408-B862-AFF4-E4F12F48143A}.Release|Any CPU.Build.0 = Release|Any CPU
		{079C5DD1-D027-1DDB-F587-87A2F4CEEDE0}.Debug|Any CPU.ActiveCfg = Debug|Any CPU
		{079C5DD1-D027-1DDB-F587-87A2F4CEEDE0}.Debug|Any CPU.Build.0 = Debug|Any CPU
		{079C5DD1-D027-1DDB-F587-87A2F4CEEDE0}.Release|Any CPU.ActiveCfg = Release|Any CPU
		{079C5DD1-D027-1DDB-F587-87A2F4CEEDE0}.Release|Any CPU.Build.0 = Release|Any CPU
		{F3DFEE6A-3809-CD92-E860-ADEAEAE61C52}.Debug|Any CPU.ActiveCfg = Debug|Any CPU
		{F3DFEE6A-3809-CD92-E860-ADEAEAE61C52}.Debug|Any CPU.Build.0 = Debug|Any CPU
		{F3DFEE6A-3809-CD92-E860-ADEAEAE61C52}.Release|Any CPU.ActiveCfg = Release|Any CPU
		{F3DFEE6A-3809-CD92-E860-ADEAEAE61C52}.Release|Any CPU.Build.0 = Release|Any CPU
		{C2F43D5A-BA09-D9E9-4D76-A050FF3AC4E6}.Debug|Any CPU.ActiveCfg = Debug|Any CPU
		{C2F43D5A-BA09-D9E9-4D76-A050FF3AC4E6}.Debug|Any CPU.Build.0 = Debug|Any CPU
		{C2F43D5A-BA09-D9E9-4D76-A050FF3AC4E6}.Release|Any CPU.ActiveCfg = Release|Any CPU
		{C2F43D5A-BA09-D9E9-4D76-A050FF3AC4E6}.Release|Any CPU.Build.0 = Release|Any CPU
		{ADA27089-1257-86B1-27E6-09FBAEC93492}.Debug|Any CPU.ActiveCfg = Debug|Any CPU
		{ADA27089-1257-86B1-27E6-09FBAEC93492}.Debug|Any CPU.Build.0 = Debug|Any CPU
		{ADA27089-1257-86B1-27E6-09FBAEC93492}.Release|Any CPU.ActiveCfg = Release|Any CPU
		{ADA27089-1257-86B1-27E6-09FBAEC93492}.Release|Any CPU.Build.0 = Release|Any CPU
		{67A2A562-9F7D-C1F3-E374-B0AED728198B}.Debug|Any CPU.ActiveCfg = Debug|Any CPU
		{67A2A562-9F7D-C1F3-E374-B0AED728198B}.Debug|Any CPU.Build.0 = Debug|Any CPU
		{67A2A562-9F7D-C1F3-E374-B0AED728198B}.Release|Any CPU.ActiveCfg = Release|Any CPU
		{67A2A562-9F7D-C1F3-E374-B0AED728198B}.Release|Any CPU.Build.0 = Release|Any CPU
		{F619550C-9E0C-61A3-78D3-577C21A1513F}.Debug|Any CPU.ActiveCfg = Debug|Any CPU
		{F619550C-9E0C-61A3-78D3-577C21A1513F}.Debug|Any CPU.Build.0 = Debug|Any CPU
		{F619550C-9E0C-61A3-78D3-577C21A1513F}.Release|Any CPU.ActiveCfg = Release|Any CPU
		{F619550C-9E0C-61A3-78D3-577C21A1513F}.Release|Any CPU.Build.0 = Release|Any CPU
		{E5231158-B990-EED7-EA7D-5AA1A50F829B}.Debug|Any CPU.ActiveCfg = Debug|Any CPU
		{E5231158-B990-EED7-EA7D-5AA1A50F829B}.Debug|Any CPU.Build.0 = Debug|Any CPU
		{E5231158-B990-EED7-EA7D-5AA1A50F829B}.Release|Any CPU.ActiveCfg = Release|Any CPU
		{E5231158-B990-EED7-EA7D-5AA1A50F829B}.Release|Any CPU.Build.0 = Release|Any CPU
		{0F7B6357-D1B0-3948-4DB0-6A6C83608ADA}.Debug|Any CPU.ActiveCfg = Debug|Any CPU
		{0F7B6357-D1B0-3948-4DB0-6A6C83608ADA}.Debug|Any CPU.Build.0 = Debug|Any CPU
		{0F7B6357-D1B0-3948-4DB0-6A6C83608ADA}.Release|Any CPU.ActiveCfg = Release|Any CPU
		{0F7B6357-D1B0-3948-4DB0-6A6C83608ADA}.Release|Any CPU.Build.0 = Release|Any CPU
	EndGlobalSection
	GlobalSection(SolutionProperties) = preSolution
		HideSolutionNode = FALSE
	EndGlobalSection
	GlobalSection(ExtensibilityGlobals) = postSolution
		SolutionGuid = {438DF50D-E629-4759-B1E8-BBA24EF8CF69}
	EndGlobalSection
EndGlobal
