
Microsoft Visual Studio Solution File, Format Version 12.00
# Visual Studio Version 17
VisualStudioVersion = 17.14.36310.24 d17.14
MinimumVisualStudioVersion = 10.0.40219.1
Project("{FAE04EC0-301F-11D3-BF4B-00C04F79EFBC}") = "SIIGPP.IL", "SIIGPP.IL.csproj", "{D4E4470D-6185-0BDF-4060-72D06AA172BC}"
EndProject
Global
	GlobalSection(SolutionConfigurationPlatforms) = preSolution
		Debug|Any CPU = Debug|Any CPU
		Release|Any CPU = Release|Any CPU
	EndGlobalSection
	GlobalSection(ProjectConfigurationPlatforms) = postSolution
		{D4E4470D-6185-0BDF-4060-72D06AA172BC}.Debug|Any CPU.ActiveCfg = Debug|Any CPU
		{D4E4470D-6185-0BDF-4060-72D06AA172BC}.Debug|Any CPU.Build.0 = Debug|Any CPU
		{D4E4470D-6185-0BDF-4060-72D06AA172BC}.Release|Any CPU.ActiveCfg = Release|Any CPU
		{D4E4470D-6185-0BDF-4060-72D06AA172BC}.Release|Any CPU.Build.0 = Release|Any CPU
	EndGlobalSection
	GlobalSection(SolutionProperties) = preSolution
		HideSolutionNode = FALSE
	EndGlobalSection
	GlobalSection(ExtensibilityGlobals) = postSolution
		SolutionGuid = {F136316C-1D56-4C29-8DD7-5E69C5E0CBB0}
	EndGlobalSection
EndGlobal
