Microsoft Visual Studio Solution File, Format Version 12.00
# Visual Studio Version 17
VisualStudioVersion = 17.5.2.0
MinimumVisualStudioVersion = 10.0.40219.1
Project("{FAE04EC0-301F-11D3-BF4B-00C04F79EFBC}") = "SIIGPP.CAT", "SIIGPP.CAT.csproj", "{41F814FF-4F0B-9906-6322-D6FD0E39B154}"
EndProject
Global
	GlobalSection(SolutionConfigurationPlatforms) = preSolution
		Debug|Any CPU = Debug|Any CPU
		Release|Any CPU = Release|Any CPU
	EndGlobalSection
	GlobalSection(ProjectConfigurationPlatforms) = postSolution
		{41F814FF-4F0B-9906-6322-D6FD0E39B154}.Debug|Any CPU.ActiveCfg = Debug|Any CPU
		{41F814FF-4F0B-9906-6322-D6FD0E39B154}.Debug|Any CPU.Build.0 = Debug|Any CPU
		{41F814FF-4F0B-9906-6322-D6FD0E39B154}.Release|Any CPU.ActiveCfg = Release|Any CPU
		{41F814FF-4F0B-9906-6322-D6FD0E39B154}.Release|Any CPU.Build.0 = Release|Any CPU
	EndGlobalSection
	GlobalSection(SolutionProperties) = preSolution
		HideSolutionNode = FALSE
	EndGlobalSection
	GlobalSection(ExtensibilityGlobals) = postSolution
		SolutionGuid = {D797AB50-BA18-4636-9C1B-D8F3EC4EAE4E}
	EndGlobalSection
EndGlobal
