
Microsoft Visual Studio Solution File, Format Version 12.00
# Visual Studio Version 17
VisualStudioVersion = 17.14.36310.24 d17.14
MinimumVisualStudioVersion = 10.0.40219.1
Project("{FAE04EC0-301F-11D3-BF4B-00C04F79EFBC}") = "SIIGPP.JR", "SIIGPP.JR.csproj", "{65DC62E9-43CA-9B41-18AE-908FCF71A82D}"
EndProject
Global
	GlobalSection(SolutionConfigurationPlatforms) = preSolution
		Debug|Any CPU = Debug|Any CPU
		Release|Any CPU = Release|Any CPU
	EndGlobalSection
	GlobalSection(ProjectConfigurationPlatforms) = postSolution
		{65DC62E9-43CA-9B41-18AE-908FCF71A82D}.Debug|Any CPU.ActiveCfg = Debug|Any CPU
		{65DC62E9-43CA-9B41-18AE-908FCF71A82D}.Debug|Any CPU.Build.0 = Debug|Any CPU
		{65DC62E9-43CA-9B41-18AE-908FCF71A82D}.Release|Any CPU.ActiveCfg = Release|Any CPU
		{65DC62E9-43CA-9B41-18AE-908FCF71A82D}.Release|Any CPU.Build.0 = Release|Any CPU
	EndGlobalSection
	GlobalSection(SolutionProperties) = preSolution
		HideSolutionNode = FALSE
	EndGlobalSection
	GlobalSection(ExtensibilityGlobals) = postSolution
		SolutionGuid = {5D58AC54-332B-447E-BD29-F22074394E27}
	EndGlobalSection
EndGlobal
