
Microsoft Visual Studio Solution File, Format Version 12.00
# Visual Studio Version 17
VisualStudioVersion = 17.14.36310.24 d17.14
MinimumVisualStudioVersion = 10.0.40219.1
Project("{FAE04EC0-301F-11D3-BF4B-00C04F79EFBC}") = "SIIGPP.ControlAcceso", "SIIGPP.ControlAcceso.csproj", "{AA5F69FD-12EE-2657-231E-610C1507304A}"
EndProject
Global
	GlobalSection(SolutionConfigurationPlatforms) = preSolution
		Debug|Any CPU = Debug|Any CPU
		Release|Any CPU = Release|Any CPU
	EndGlobalSection
	GlobalSection(ProjectConfigurationPlatforms) = postSolution
		{AA5F69FD-12EE-2657-231E-610C1507304A}.Debug|Any CPU.ActiveCfg = Debug|Any CPU
		{AA5F69FD-12EE-2657-231E-610C1507304A}.Debug|Any CPU.Build.0 = Debug|Any CPU
		{AA5F69FD-12EE-2657-231E-610C1507304A}.Release|Any CPU.ActiveCfg = Release|Any CPU
		{AA5F69FD-12EE-2657-231E-610C1507304A}.Release|Any CPU.Build.0 = Release|Any CPU
	EndGlobalSection
	GlobalSection(SolutionProperties) = preSolution
		HideSolutionNode = FALSE
	EndGlobalSection
	GlobalSection(ExtensibilityGlobals) = postSolution
		SolutionGuid = {73F9FA0A-E082-4DEA-ACBE-FB83F5E80CF1}
	EndGlobalSection
EndGlobal
